
Microsoft Visual Studio Solution File, Format Version 12.00
# Visual Studio Version 17
VisualStudioVersion = 17.5.33502.453
MinimumVisualStudioVersion = 10.0.40219.1
Project("{FAE04EC0-301F-11D3-BF4B-00C04F79EFBC}") = "RestApiRefit", "RestApiRefit.csproj", "{18C37314-431C-4EDD-A699-E96BF3671C69}"
EndProject
Global
	GlobalSection(SolutionConfigurationPlatforms) = preSolution
		Debug|Any CPU = Debug|Any CPU
		Release|Any CPU = Release|Any CPU
	EndGlobalSection
	GlobalSection(ProjectConfigurationPlatforms) = postSolution
		{18C37314-431C-4EDD-A699-E96BF3671C69}.Debug|Any CPU.ActiveCfg = Debug|Any CPU
		{18C37314-431C-4EDD-A699-E96BF3671C69}.Debug|Any CPU.Build.0 = Debug|Any CPU
		{18C37314-431C-4EDD-A699-E96BF3671C69}.Release|Any CPU.ActiveCfg = Release|Any CPU
		{18C37314-431C-4EDD-A699-E96BF3671C69}.Release|Any CPU.Build.0 = Release|Any CPU
	EndGlobalSection
	GlobalSection(SolutionProperties) = preSolution
		HideSolutionNode = FALSE
	EndGlobalSection
	GlobalSection(ExtensibilityGlobals) = postSolution
		SolutionGuid = {DB4CF2A2-FB69-429C-BF93-3A416B1CC145}
	EndGlobalSection
EndGlobal
